
Microsoft Visual Studio Solution File, Format Version 12.00
# Visual Studio Version 17
VisualStudioVersion = 17.2.32616.157
MinimumVisualStudioVersion = 10.0.40219.1
Project("{FAE04EC0-301F-11D3-BF4B-00C04F79EFBC}") = "BankingAppMVVM", "BankingAppMVVM.csproj", "{B9D069E2-69A4-4BFB-860E-3EE8D3467543}"
EndProject
Global
	GlobalSection(SolutionConfigurationPlatforms) = preSolution
		Debug|Any CPU = Debug|Any CPU
		Release|Any CPU = Release|Any CPU
	EndGlobalSection
	GlobalSection(ProjectConfigurationPlatforms) = postSolution
		{B9D069E2-69A4-4BFB-860E-3EE8D3467543}.Debug|Any CPU.ActiveCfg = Debug|Any CPU
		{B9D069E2-69A4-4BFB-860E-3EE8D3467543}.Debug|Any CPU.Build.0 = Debug|Any CPU
		{B9D069E2-69A4-4BFB-860E-3EE8D3467543}.Release|Any CPU.ActiveCfg = Release|Any CPU
		{B9D069E2-69A4-4BFB-860E-3EE8D3467543}.Release|Any CPU.Build.0 = Release|Any CPU
	EndGlobalSection
	GlobalSection(SolutionProperties) = preSolution
		HideSolutionNode = FALSE
	EndGlobalSection
	GlobalSection(ExtensibilityGlobals) = postSolution
		SolutionGuid = {55BF8490-C9A6-42FA-A386-98403533F004}
	EndGlobalSection
EndGlobal
